
Microsoft Visual Studio Solution File, Format Version 12.00
# Visual Studio 15
VisualStudioVersion = 15.0.27703.2026
MinimumVisualStudioVersion = 10.0.40219.1
Project("{9A19103F-16F7-4668-BE54-9A1E7A4F7556}") = "PodProgramar.LnkCapture.Telegram.Webhook", "PodProgramar.LnkCapture.Dialogflow.Webhook\PodProgramar.LnkCapture.Telegram.Webhook.csproj", "{5B9A1414-B5A0-47F7-B43E-9453E8AA2C4D}"
EndProject
Project("{2150E333-8FDC-42A3-9474-1A3956D46DE8}") = "Services", "Services", "{422864F9-2D60-456B-870A-2EB48237C515}"
EndProject
Project("{2150E333-8FDC-42A3-9474-1A3956D46DE8}") = "Data", "Data", "{6EFB8E05-99C6-498C-95EB-8443DE515794}"
EndProject
Project("{9A19103F-16F7-4668-BE54-9A1E7A4F7556}") = "PodProgramar.LnkCapture.Data.Models", "PodProgramar.LnkCapture.Data.Models\PodProgramar.LnkCapture.Data.Models.csproj", "{60621464-D1EC-49FF-A7C1-3529C316976E}"
EndProject
Project("{9A19103F-16F7-4668-BE54-9A1E7A4F7556}") = "PodProgramar.LnkCapture.Data.DAL", "PodProgramar.LnkCapture.Data.DAL\PodProgramar.LnkCapture.Data.DAL.csproj", "{9338AC79-46A0-4F63-9136-56C687E46E2B}"
EndProject
Project("{9A19103F-16F7-4668-BE54-9A1E7A4F7556}") = "PodProgramar.LnkCapture.Data.BusinessObjects", "PodProgramar.LnkCapture.Data.BusinessObjects\PodProgramar.LnkCapture.Data.BusinessObjects.csproj", "{794F8B1D-506A-4AE1-8E15-C6FD290B110D}"
EndProject
Project("{2150E333-8FDC-42A3-9474-1A3956D46DE8}") = "Libraries", "Libraries", "{E507FC00-5B8F-444F-A435-B979B5635E00}"
EndProject
Project("{9A19103F-16F7-4668-BE54-9A1E7A4F7556}") = "PodProgramar.Utils", "PodProgramar.Utils\PodProgramar.Utils.csproj", "{B3F30919-61FE-4933-B767-94C95BA29A10}"
EndProject
Project("{9A19103F-16F7-4668-BE54-9A1E7A4F7556}") = "PodProgramar.LnkCapture.Data.DTO", "PodProgramar.LnkCapture.Data.DTO\PodProgramar.LnkCapture.Data.DTO.csproj", "{4141876A-EC0A-4CE5-A253-64B296A28F58}"
EndProject
Global
	GlobalSection(SolutionConfigurationPlatforms) = preSolution
		Debug|Any CPU = Debug|Any CPU
		Release|Any CPU = Release|Any CPU
	EndGlobalSection
	GlobalSection(ProjectConfigurationPlatforms) = postSolution
		{5B9A1414-B5A0-47F7-B43E-9453E8AA2C4D}.Debug|Any CPU.ActiveCfg = Debug|Any CPU
		{5B9A1414-B5A0-47F7-B43E-9453E8AA2C4D}.Debug|Any CPU.Build.0 = Debug|Any CPU
		{5B9A1414-B5A0-47F7-B43E-9453E8AA2C4D}.Release|Any CPU.ActiveCfg = Release|Any CPU
		{5B9A1414-B5A0-47F7-B43E-9453E8AA2C4D}.Release|Any CPU.Build.0 = Release|Any CPU
		{60621464-D1EC-49FF-A7C1-3529C316976E}.Debug|Any CPU.ActiveCfg = Debug|Any CPU
		{60621464-D1EC-49FF-A7C1-3529C316976E}.Debug|Any CPU.Build.0 = Debug|Any CPU
		{60621464-D1EC-49FF-A7C1-3529C316976E}.Release|Any CPU.ActiveCfg = Release|Any CPU
		{60621464-D1EC-49FF-A7C1-3529C316976E}.Release|Any CPU.Build.0 = Release|Any CPU
		{9338AC79-46A0-4F63-9136-56C687E46E2B}.Debug|Any CPU.ActiveCfg = Debug|Any CPU
		{9338AC79-46A0-4F63-9136-56C687E46E2B}.Debug|Any CPU.Build.0 = Debug|Any CPU
		{9338AC79-46A0-4F63-9136-56C687E46E2B}.Release|Any CPU.ActiveCfg = Release|Any CPU
		{9338AC79-46A0-4F63-9136-56C687E46E2B}.Release|Any CPU.Build.0 = Release|Any CPU
		{794F8B1D-506A-4AE1-8E15-C6FD290B110D}.Debug|Any CPU.ActiveCfg = Debug|Any CPU
		{794F8B1D-506A-4AE1-8E15-C6FD290B110D}.Debug|Any CPU.Build.0 = Debug|Any CPU
		{794F8B1D-506A-4AE1-8E15-C6FD290B110D}.Release|Any CPU.ActiveCfg = Release|Any CPU
		{794F8B1D-506A-4AE1-8E15-C6FD290B110D}.Release|Any CPU.Build.0 = Release|Any CPU
		{B3F30919-61FE-4933-B767-94C95BA29A10}.Debug|Any CPU.ActiveCfg = Debug|Any CPU
		{B3F30919-61FE-4933-B767-94C95BA29A10}.Debug|Any CPU.Build.0 = Debug|Any CPU
		{B3F30919-61FE-4933-B767-94C95BA29A10}.Release|Any CPU.ActiveCfg = Release|Any CPU
		{B3F30919-61FE-4933-B767-94C95BA29A10}.Release|Any CPU.Build.0 = Release|Any CPU
		{4141876A-EC0A-4CE5-A253-64B296A28F58}.Debug|Any CPU.ActiveCfg = Debug|Any CPU
		{4141876A-EC0A-4CE5-A253-64B296A28F58}.Debug|Any CPU.Build.0 = Debug|Any CPU
		{4141876A-EC0A-4CE5-A253-64B296A28F58}.Release|Any CPU.ActiveCfg = Release|Any CPU
		{4141876A-EC0A-4CE5-A253-64B296A28F58}.Release|Any CPU.Build.0 = Release|Any CPU
	EndGlobalSection
	GlobalSection(SolutionProperties) = preSolution
		HideSolutionNode = FALSE
	EndGlobalSection
	GlobalSection(NestedProjects) = preSolution
		{5B9A1414-B5A0-47F7-B43E-9453E8AA2C4D} = {422864F9-2D60-456B-870A-2EB48237C515}
		{60621464-D1EC-49FF-A7C1-3529C316976E} = {6EFB8E05-99C6-498C-95EB-8443DE515794}
		{9338AC79-46A0-4F63-9136-56C687E46E2B} = {6EFB8E05-99C6-498C-95EB-8443DE515794}
		{794F8B1D-506A-4AE1-8E15-C6FD290B110D} = {6EFB8E05-99C6-498C-95EB-8443DE515794}
		{B3F30919-61FE-4933-B767-94C95BA29A10} = {E507FC00-5B8F-444F-A435-B979B5635E00}
		{4141876A-EC0A-4CE5-A253-64B296A28F58} = {6EFB8E05-99C6-498C-95EB-8443DE515794}
	EndGlobalSection
	GlobalSection(ExtensibilityGlobals) = postSolution
		SolutionGuid = {1BA6DFCC-D5A0-4609-BCFE-8658FB760008}
	EndGlobalSection
EndGlobal
